{
  "name": "ai-video-studio-promo",
  "lockfileVersion": 3,
  "requires": true,
  "packages": {
    "": {
      "name": "ai-video-studio-promo",
      "dependencies": {
        "@fontsource/heebo": "^5.3.0",
        "@fontsource/rubik": "^5.3.0",
        "gsap": "^3.14.2"
      }
    },
    "node_modules/@fontsource/heebo": {
      "version": "5.3.0",
      "resolved": "https://registry.npmjs.org/@fontsource/heebo/-/heebo-5.3.0.tgz",
      "integrity": "sha512-Z01U2fWWrfJnSE6SmDYtZJ1uCnKs8V3WSdip/lVDfKnsC1ASumb7IZmOrXjaYK+PVm7qGD3+4cwTAFOxG5uMaw==",
      "license": "OFL-1.1",
      "funding": {
        "url": "https://github.com/sponsors/ayuhito"
      }
    },
    "node_modules/@fontsource/rubik": {
      "version": "5.3.0",
      "resolved": "https://registry.npmjs.org/@fontsource/rubik/-/rubik-5.3.0.tgz",
      "integrity": "sha512-Nks2mn7vlE1jZVHuVgoKU2Ejqjvd+GJzLRdraCjo1xc79oo7O6vJ8pcvSfmKPGX3/Ln7nt09XWFzPeu2jWf0xQ==",
      "license": "OFL-1.1",
      "funding": {
        "url": "https://github.com/sponsors/ayuhito"
      }
    },
    "node_modules/gsap": {
      "version": "3.14.2",
      "resolved": "https://registry.npmjs.org/gsap/-/gsap-3.14.2.tgz",
      "integrity": "sha512-P8/mMxVLU7o4+55+1TCnQrPmgjPKnwkzkXOK1asnR9Jg2lna4tEY5qBJjMmAaOBDDZWtlRjBXjLa0w53G/uBLA==",
      "license": "Standard 'no charge' license: https://gsap.com/standard-license."
    }
  }
}
